
Microsoft Visual Studio Solution File, Format Version 12.00
#
Project("{2150E333-8FDC-42A3-9474-1A3956D46DE8}") = "src", "src", "{38C2D916-5441-4814-8675-EF114C716926}"
EndProject
Project("{FAE04EC0-301F-11D3-BF4B-00C04F79EFBC}") = "Api", "src\Api\Api.csproj", "{F7C6BAC9-0E2A-4EA3-909A-1C017237EB4C}"
EndProject
Project("{FAE04EC0-301F-11D3-BF4B-00C04F79EFBC}") = "Repository", "src\Repository\Repository.csproj", "{F601EFFF-6C04-4ED3-8375-2D65B30FF2A2}"
EndProject
Project("{FAE04EC0-301F-11D3-BF4B-00C04F79EFBC}") = "Contract", "src\Contract\Contract.csproj", "{609A847D-8C35-4814-BA7D-047C87203822}"
EndProject
Project("{2150E333-8FDC-42A3-9474-1A3956D46DE8}") = "test", "test", "{446B48BF-8A1D-4CF3-915A-200E45DB71DB}"
EndProject
Project("{FAE04EC0-301F-11D3-BF4B-00C04F79EFBC}") = "UnitTest", "test\UnitTest\UnitTest.csproj", "{60F40052-C292-48C0-9E4E-E5D828DD3810}"
EndProject
Project("{FAE04EC0-301F-11D3-BF4B-00C04F79EFBC}") = "IntegrationTest", "test\IntegrationTest\IntegrationTest.csproj", "{E7A7935D-CC70-483E-B27F-738A0651FA6D}"
EndProject
Project("{FAE04EC0-301F-11D3-BF4B-00C04F79EFBC}") = "ComponentTest", "test\ComponentTest\ComponentTest.csproj", "{FD4947BC-F34F-4CAA-A1DC-C1F52E481DB9}"
EndProject
Global
	GlobalSection(SolutionConfigurationPlatforms) = preSolution
		Debug|Any CPU = Debug|Any CPU
		Release|Any CPU = Release|Any CPU
	EndGlobalSection
	GlobalSection(ProjectConfigurationPlatforms) = postSolution
		{F7C6BAC9-0E2A-4EA3-909A-1C017237EB4C}.Debug|Any CPU.ActiveCfg = Debug|Any CPU
		{F7C6BAC9-0E2A-4EA3-909A-1C017237EB4C}.Debug|Any CPU.Build.0 = Debug|Any CPU
		{F7C6BAC9-0E2A-4EA3-909A-1C017237EB4C}.Release|Any CPU.ActiveCfg = Release|Any CPU
		{F7C6BAC9-0E2A-4EA3-909A-1C017237EB4C}.Release|Any CPU.Build.0 = Release|Any CPU
		{F601EFFF-6C04-4ED3-8375-2D65B30FF2A2}.Debug|Any CPU.ActiveCfg = Debug|Any CPU
		{F601EFFF-6C04-4ED3-8375-2D65B30FF2A2}.Debug|Any CPU.Build.0 = Debug|Any CPU
		{F601EFFF-6C04-4ED3-8375-2D65B30FF2A2}.Release|Any CPU.ActiveCfg = Release|Any CPU
		{F601EFFF-6C04-4ED3-8375-2D65B30FF2A2}.Release|Any CPU.Build.0 = Release|Any CPU
		{609A847D-8C35-4814-BA7D-047C87203822}.Debug|Any CPU.ActiveCfg = Debug|Any CPU
		{609A847D-8C35-4814-BA7D-047C87203822}.Debug|Any CPU.Build.0 = Debug|Any CPU
		{609A847D-8C35-4814-BA7D-047C87203822}.Release|Any CPU.ActiveCfg = Release|Any CPU
		{609A847D-8C35-4814-BA7D-047C87203822}.Release|Any CPU.Build.0 = Release|Any CPU
		{60F40052-C292-48C0-9E4E-E5D828DD3810}.Debug|Any CPU.ActiveCfg = Debug|Any CPU
		{60F40052-C292-48C0-9E4E-E5D828DD3810}.Debug|Any CPU.Build.0 = Debug|Any CPU
		{60F40052-C292-48C0-9E4E-E5D828DD3810}.Release|Any CPU.ActiveCfg = Release|Any CPU
		{60F40052-C292-48C0-9E4E-E5D828DD3810}.Release|Any CPU.Build.0 = Release|Any CPU
		{E7A7935D-CC70-483E-B27F-738A0651FA6D}.Debug|Any CPU.ActiveCfg = Debug|Any CPU
		{E7A7935D-CC70-483E-B27F-738A0651FA6D}.Debug|Any CPU.Build.0 = Debug|Any CPU
		{E7A7935D-CC70-483E-B27F-738A0651FA6D}.Release|Any CPU.ActiveCfg = Release|Any CPU
		{E7A7935D-CC70-483E-B27F-738A0651FA6D}.Release|Any CPU.Build.0 = Release|Any CPU
		{FD4947BC-F34F-4CAA-A1DC-C1F52E481DB9}.Debug|Any CPU.ActiveCfg = Debug|Any CPU
		{FD4947BC-F34F-4CAA-A1DC-C1F52E481DB9}.Debug|Any CPU.Build.0 = Debug|Any CPU
		{FD4947BC-F34F-4CAA-A1DC-C1F52E481DB9}.Release|Any CPU.ActiveCfg = Release|Any CPU
		{FD4947BC-F34F-4CAA-A1DC-C1F52E481DB9}.Release|Any CPU.Build.0 = Release|Any CPU
	EndGlobalSection
	GlobalSection(NestedProjects) = preSolution
		{F7C6BAC9-0E2A-4EA3-909A-1C017237EB4C} = {38C2D916-5441-4814-8675-EF114C716926}
		{F601EFFF-6C04-4ED3-8375-2D65B30FF2A2} = {38C2D916-5441-4814-8675-EF114C716926}
		{609A847D-8C35-4814-BA7D-047C87203822} = {38C2D916-5441-4814-8675-EF114C716926}
		{60F40052-C292-48C0-9E4E-E5D828DD3810} = {446B48BF-8A1D-4CF3-915A-200E45DB71DB}
		{E7A7935D-CC70-483E-B27F-738A0651FA6D} = {446B48BF-8A1D-4CF3-915A-200E45DB71DB}
		{FD4947BC-F34F-4CAA-A1DC-C1F52E481DB9} = {446B48BF-8A1D-4CF3-915A-200E45DB71DB}
	EndGlobalSection
EndGlobal
